
Microsoft Visual Studio Solution File, Format Version 12.00
# Visual Studio Version 17
VisualStudioVersion = 17.12.35323.107
MinimumVisualStudioVersion = 10.0.40219.1
Project("{FAE04EC0-301F-11D3-BF4B-00C04F79EFBC}") = "PandoraSanctionsWorkshop", "PandoraSanctionsWorkshop.csproj", "{A420484A-2C24-4895-B421-A2B046EF7E4B}"
EndProject
Project("{FAE04EC0-301F-11D3-BF4B-00C04F79EFBC}") = "PandoraSanctionsWorkshopTests", "..\PandoraSanctionsWorkshopTests\PandoraSanctionsWorkshopTests.csproj", "{83DABD8F-0470-4777-ABB1-F0F64C8DEE75}"
EndProject
Global
	GlobalSection(SolutionConfigurationPlatforms) = preSolution
		Debug|Any CPU = Debug|Any CPU
		Release|Any CPU = Release|Any CPU
	EndGlobalSection
	GlobalSection(ProjectConfigurationPlatforms) = postSolution
		{A420484A-2C24-4895-B421-A2B046EF7E4B}.Debug|Any CPU.ActiveCfg = Debug|Any CPU
		{A420484A-2C24-4895-B421-A2B046EF7E4B}.Debug|Any CPU.Build.0 = Debug|Any CPU
		{A420484A-2C24-4895-B421-A2B046EF7E4B}.Release|Any CPU.ActiveCfg = Release|Any CPU
		{A420484A-2C24-4895-B421-A2B046EF7E4B}.Release|Any CPU.Build.0 = Release|Any CPU
		{83DABD8F-0470-4777-ABB1-F0F64C8DEE75}.Debug|Any CPU.ActiveCfg = Debug|Any CPU
		{83DABD8F-0470-4777-ABB1-F0F64C8DEE75}.Debug|Any CPU.Build.0 = Debug|Any CPU
		{83DABD8F-0470-4777-ABB1-F0F64C8DEE75}.Release|Any CPU.ActiveCfg = Release|Any CPU
		{83DABD8F-0470-4777-ABB1-F0F64C8DEE75}.Release|Any CPU.Build.0 = Release|Any CPU
	EndGlobalSection
	GlobalSection(SolutionProperties) = preSolution
		HideSolutionNode = FALSE
	EndGlobalSection
	GlobalSection(ExtensibilityGlobals) = postSolution
		SolutionGuid = {D23A868C-6E64-4C8C-944E-397C0F98CBF2}
	EndGlobalSection
EndGlobal
